
Microsoft Visual Studio Solution File, Format Version 12.00
# Visual Studio Version 17
VisualStudioVersion = 17.13.35806.99 d17.13
MinimumVisualStudioVersion = 10.0.40219.1
Project("{FAE04EC0-301F-11D3-BF4B-00C04F79EFBC}") = "MauiAppMinhasCompras", "MauiAppMinhasCompras\MauiAppMinhasCompras.csproj", "{475DDBED-A8B6-43CE-827B-64CF180F9784}"
EndProject
Global
	GlobalSection(SolutionConfigurationPlatforms) = preSolution
		Debug|Any CPU = Debug|Any CPU
		Release|Any CPU = Release|Any CPU
	EndGlobalSection
	GlobalSection(ProjectConfigurationPlatforms) = postSolution
		{475DDBED-A8B6-43CE-827B-64CF180F9784}.Debug|Any CPU.ActiveCfg = Debug|Any CPU
		{475DDBED-A8B6-43CE-827B-64CF180F9784}.Debug|Any CPU.Build.0 = Debug|Any CPU
		{475DDBED-A8B6-43CE-827B-64CF180F9784}.Release|Any CPU.ActiveCfg = Release|Any CPU
		{475DDBED-A8B6-43CE-827B-64CF180F9784}.Release|Any CPU.Build.0 = Release|Any CPU
	EndGlobalSection
	GlobalSection(SolutionProperties) = preSolution
		HideSolutionNode = FALSE
	EndGlobalSection
	GlobalSection(ExtensibilityGlobals) = postSolution
		SolutionGuid = {10048CC7-BB17-4090-A3A6-C03E6C2B7BD5}
	EndGlobalSection
EndGlobal
